
Microsoft Visual Studio Solution File, Format Version 12.00
# Visual Studio Version 17
VisualStudioVersion = 17.0.31611.283
MinimumVisualStudioVersion = 10.0.40219.1
Project("{9A19103F-16F7-4668-BE54-9A1E7A4F7556}") = "DnD_Helper", "DnD_Helper\DnD_Helper.csproj", "{D721D556-32EC-4DC4-8865-0FE19572D547}"
EndProject
Project("{9A19103F-16F7-4668-BE54-9A1E7A4F7556}") = "Domain", "Domain\Domain.csproj", "{DCB8B20B-4B30-431E-A188-7750B663C7F7}"
EndProject
Project("{9A19103F-16F7-4668-BE54-9A1E7A4F7556}") = "Infrastructure", "Infrastructure\Infrastructure.csproj", "{74AE8A59-4917-487E-8683-038BFF62BF40}"
EndProject
Project("{FAE04EC0-301F-11D3-BF4B-00C04F79EFBC}") = "Tests", "Tests\Tests.csproj", "{4A3C797A-44B7-44DC-B763-95BDE83859D8}"
EndProject
Global
	GlobalSection(SolutionConfigurationPlatforms) = preSolution
		Debug|Any CPU = Debug|Any CPU
		Release|Any CPU = Release|Any CPU
	EndGlobalSection
	GlobalSection(ProjectConfigurationPlatforms) = postSolution
		{D721D556-32EC-4DC4-8865-0FE19572D547}.Debug|Any CPU.ActiveCfg = Debug|Any CPU
		{D721D556-32EC-4DC4-8865-0FE19572D547}.Debug|Any CPU.Build.0 = Debug|Any CPU
		{D721D556-32EC-4DC4-8865-0FE19572D547}.Debug|Any CPU.Deploy.0 = Debug|Any CPU
		{D721D556-32EC-4DC4-8865-0FE19572D547}.Release|Any CPU.ActiveCfg = Release|Any CPU
		{D721D556-32EC-4DC4-8865-0FE19572D547}.Release|Any CPU.Build.0 = Release|Any CPU
		{D721D556-32EC-4DC4-8865-0FE19572D547}.Release|Any CPU.Deploy.0 = Release|Any CPU
		{DCB8B20B-4B30-431E-A188-7750B663C7F7}.Debug|Any CPU.ActiveCfg = Debug|Any CPU
		{DCB8B20B-4B30-431E-A188-7750B663C7F7}.Debug|Any CPU.Build.0 = Debug|Any CPU
		{DCB8B20B-4B30-431E-A188-7750B663C7F7}.Release|Any CPU.ActiveCfg = Release|Any CPU
		{DCB8B20B-4B30-431E-A188-7750B663C7F7}.Release|Any CPU.Build.0 = Release|Any CPU
		{74AE8A59-4917-487E-8683-038BFF62BF40}.Debug|Any CPU.ActiveCfg = Debug|Any CPU
		{74AE8A59-4917-487E-8683-038BFF62BF40}.Debug|Any CPU.Build.0 = Debug|Any CPU
		{74AE8A59-4917-487E-8683-038BFF62BF40}.Release|Any CPU.ActiveCfg = Release|Any CPU
		{74AE8A59-4917-487E-8683-038BFF62BF40}.Release|Any CPU.Build.0 = Release|Any CPU
		{4A3C797A-44B7-44DC-B763-95BDE83859D8}.Debug|Any CPU.ActiveCfg = Debug|Any CPU
		{4A3C797A-44B7-44DC-B763-95BDE83859D8}.Debug|Any CPU.Build.0 = Debug|Any CPU
		{4A3C797A-44B7-44DC-B763-95BDE83859D8}.Release|Any CPU.ActiveCfg = Release|Any CPU
		{4A3C797A-44B7-44DC-B763-95BDE83859D8}.Release|Any CPU.Build.0 = Release|Any CPU
	EndGlobalSection
	GlobalSection(SolutionProperties) = preSolution
		HideSolutionNode = FALSE
	EndGlobalSection
	GlobalSection(ExtensibilityGlobals) = postSolution
		SolutionGuid = {61F7FB11-1E47-470C-91E2-47F8143E1572}
	EndGlobalSection
EndGlobal
